
Microsoft Visual Studio Solution File, Format Version 12.00
# Visual Studio 15
VisualStudioVersion = 15.0.28307.421
MinimumVisualStudioVersion = 10.0.40219.1
Project("{FAE04EC0-301F-11D3-BF4B-00C04F79EFBC}") = "Proyecto Presentacion", "Proyecto Presentacion\Proyecto Presentacion.csproj", "{7E519B98-F43D-423B-B5A1-0FF3BDE24A21}"
EndProject
Project("{FAE04EC0-301F-11D3-BF4B-00C04F79EFBC}") = "Datos", "Datos\Datos.csproj", "{5EE301AD-88AE-4781-9B8C-06D09F6CEE45}"
EndProject
Project("{FAE04EC0-301F-11D3-BF4B-00C04F79EFBC}") = "Entidades", "Entidades\Entidades.csproj", "{739DEA65-6E80-4E9C-BEE5-105DA2217F02}"
EndProject
Global
	GlobalSection(SolutionConfigurationPlatforms) = preSolution
		Debug|Any CPU = Debug|Any CPU
		Release|Any CPU = Release|Any CPU
	EndGlobalSection
	GlobalSection(ProjectConfigurationPlatforms) = postSolution
		{7E519B98-F43D-423B-B5A1-0FF3BDE24A21}.Debug|Any CPU.ActiveCfg = Debug|Any CPU
		{7E519B98-F43D-423B-B5A1-0FF3BDE24A21}.Debug|Any CPU.Build.0 = Debug|Any CPU
		{7E519B98-F43D-423B-B5A1-0FF3BDE24A21}.Release|Any CPU.ActiveCfg = Release|Any CPU
		{7E519B98-F43D-423B-B5A1-0FF3BDE24A21}.Release|Any CPU.Build.0 = Release|Any CPU
		{5EE301AD-88AE-4781-9B8C-06D09F6CEE45}.Debug|Any CPU.ActiveCfg = Debug|Any CPU
		{5EE301AD-88AE-4781-9B8C-06D09F6CEE45}.Debug|Any CPU.Build.0 = Debug|Any CPU
		{5EE301AD-88AE-4781-9B8C-06D09F6CEE45}.Release|Any CPU.ActiveCfg = Release|Any CPU
		{5EE301AD-88AE-4781-9B8C-06D09F6CEE45}.Release|Any CPU.Build.0 = Release|Any CPU
		{739DEA65-6E80-4E9C-BEE5-105DA2217F02}.Debug|Any CPU.ActiveCfg = Debug|Any CPU
		{739DEA65-6E80-4E9C-BEE5-105DA2217F02}.Debug|Any CPU.Build.0 = Debug|Any CPU
		{739DEA65-6E80-4E9C-BEE5-105DA2217F02}.Release|Any CPU.ActiveCfg = Release|Any CPU
		{739DEA65-6E80-4E9C-BEE5-105DA2217F02}.Release|Any CPU.Build.0 = Release|Any CPU
	EndGlobalSection
	GlobalSection(SolutionProperties) = preSolution
		HideSolutionNode = FALSE
	EndGlobalSection
	GlobalSection(ExtensibilityGlobals) = postSolution
		SolutionGuid = {6678D6BA-A4A2-4F6D-9ABE-1C0E1CAE0E56}
	EndGlobalSection
EndGlobal
